
Microsoft Visual Studio Solution File, Format Version 12.00
# Visual Studio 15
VisualStudioVersion = 15.0.27703.2000
MinimumVisualStudioVersion = 10.0.40219.1
Project("{9A19103F-16F7-4668-BE54-9A1E7A4F7556}") = "Problem 1. Hello Name", "Problem 1. Hello Name\Problem 1. Hello Name.csproj", "{6D536E76-01D1-4FC8-9F0C-4641A1BC3411}"
EndProject
Project("{FAE04EC0-301F-11D3-BF4B-00C04F79EFBC}") = "Problem 2. Max Method", "Problem 2. Max Method\Problem 2. Max Method.csproj", "{654ABE2F-3D34-41CB-B4EC-7BE30A8809FB}"
EndProject
Project("{FAE04EC0-301F-11D3-BF4B-00C04F79EFBC}") = "Problem 3. English Name оf the Last Digit", "Problem 3. English Name оf the Last Digit\Problem 3. English Name оf the Last Digit.csproj", "{386FC553-770F-4A40-B50E-6805392D0555}"
EndProject
Project("{FAE04EC0-301F-11D3-BF4B-00C04F79EFBC}") = "Problem 4. Numbers in Reversed Order", "Problem 4. Numbers in Reversed Order\Problem 4. Numbers in Reversed Order.csproj", "{E8AD65B2-896B-4D02-917F-63268EBCFED0}"
EndProject
Project("{FAE04EC0-301F-11D3-BF4B-00C04F79EFBC}") = "Problem 5. Fibonacci Numbers", "Problem 5. Fibonacci Numbers\Problem 5. Fibonacci Numbers.csproj", "{ECDE4085-3A7B-48E7-B898-6F90BF4D2BDE}"
EndProject
Project("{FAE04EC0-301F-11D3-BF4B-00C04F79EFBC}") = "Problem 6. Prime Checker", "Problem 6. Prime Checker\Problem 6. Prime Checker.csproj", "{F962EA9A-00BF-403D-B896-9126A5799F6E}"
EndProject
Project("{FAE04EC0-301F-11D3-BF4B-00C04F79EFBC}") = "Problem 7.  Primes in Given Range", "Problem 7.  Primes in Given Range\Problem 7.  Primes in Given Range.csproj", "{081E8D84-CB2C-40FC-90B8-6F86FDBD49E0}"
EndProject
Project("{FAE04EC0-301F-11D3-BF4B-00C04F79EFBC}") = "Problem 8. Center Point", "Problem 8. Center Point\Problem 8. Center Point.csproj", "{66854897-DFC3-413F-8690-8F3B6FC4C06B}"
EndProject
Project("{FAE04EC0-301F-11D3-BF4B-00C04F79EFBC}") = "Problem 9. Longer Line", "Problem 9. Longer Line\Problem 9. Longer Line.csproj", "{728D6538-3B1A-446A-8BB2-F8640CD68A4A}"
EndProject
Project("{FAE04EC0-301F-11D3-BF4B-00C04F79EFBC}") = "Problem 10. Cube Properties", "Problem 10. Cube Properties\Problem 10. Cube Properties.csproj", "{EB007911-BA91-48A1-84AE-733E9C23EE33}"
EndProject
Project("{FAE04EC0-301F-11D3-BF4B-00C04F79EFBC}") = "Problem 11. Geometry Calculator", "Problem 11. Geometry Calculator\Problem 11. Geometry Calculator.csproj", "{3B07A98B-B6ED-4A5A-9923-D92391A88ECA}"
EndProject
Project("{FAE04EC0-301F-11D3-BF4B-00C04F79EFBC}") = "Problem 12. Master Numbers", "Problem 12. Master Numbers\Problem 12. Master Numbers.csproj", "{A775E86A-A511-4477-A5F0-53D8BBAE2C98}"
EndProject
Project("{FAE04EC0-301F-11D3-BF4B-00C04F79EFBC}") = "Problem 13. Factorial", "Problem 13. Factorial\Problem 13. Factorial.csproj", "{C5674180-66A6-42F7-8D96-B2F070DE1924}"
EndProject
Project("{FAE04EC0-301F-11D3-BF4B-00C04F79EFBC}") = "Problem 14. Factorial Trailing Zeroes", "Problem 14. Factorial Trailing Zeroes\Problem 14. Factorial Trailing Zeroes.csproj", "{8E94C689-5230-4827-B7CE-0F357222E0E1}"
EndProject
Global
	GlobalSection(SolutionConfigurationPlatforms) = preSolution
		Debug|Any CPU = Debug|Any CPU
		Release|Any CPU = Release|Any CPU
	EndGlobalSection
	GlobalSection(ProjectConfigurationPlatforms) = postSolution
		{6D536E76-01D1-4FC8-9F0C-4641A1BC3411}.Debug|Any CPU.ActiveCfg = Debug|Any CPU
		{6D536E76-01D1-4FC8-9F0C-4641A1BC3411}.Debug|Any CPU.Build.0 = Debug|Any CPU
		{6D536E76-01D1-4FC8-9F0C-4641A1BC3411}.Release|Any CPU.ActiveCfg = Release|Any CPU
		{6D536E76-01D1-4FC8-9F0C-4641A1BC3411}.Release|Any CPU.Build.0 = Release|Any CPU
		{654ABE2F-3D34-41CB-B4EC-7BE30A8809FB}.Debug|Any CPU.ActiveCfg = Debug|Any CPU
		{654ABE2F-3D34-41CB-B4EC-7BE30A8809FB}.Debug|Any CPU.Build.0 = Debug|Any CPU
		{654ABE2F-3D34-41CB-B4EC-7BE30A8809FB}.Release|Any CPU.ActiveCfg = Release|Any CPU
		{654ABE2F-3D34-41CB-B4EC-7BE30A8809FB}.Release|Any CPU.Build.0 = Release|Any CPU
		{386FC553-770F-4A40-B50E-6805392D0555}.Debug|Any CPU.ActiveCfg = Debug|Any CPU
		{386FC553-770F-4A40-B50E-6805392D0555}.Debug|Any CPU.Build.0 = Debug|Any CPU
		{386FC553-770F-4A40-B50E-6805392D0555}.Release|Any CPU.ActiveCfg = Release|Any CPU
		{386FC553-770F-4A40-B50E-6805392D0555}.Release|Any CPU.Build.0 = Release|Any CPU
		{E8AD65B2-896B-4D02-917F-63268EBCFED0}.Debug|Any CPU.ActiveCfg = Debug|Any CPU
		{E8AD65B2-896B-4D02-917F-63268EBCFED0}.Debug|Any CPU.Build.0 = Debug|Any CPU
		{E8AD65B2-896B-4D02-917F-63268EBCFED0}.Release|Any CPU.ActiveCfg = Release|Any CPU
		{E8AD65B2-896B-4D02-917F-63268EBCFED0}.Release|Any CPU.Build.0 = Release|Any CPU
		{ECDE4085-3A7B-48E7-B898-6F90BF4D2BDE}.Debug|Any CPU.ActiveCfg = Debug|Any CPU
		{ECDE4085-3A7B-48E7-B898-6F90BF4D2BDE}.Debug|Any CPU.Build.0 = Debug|Any CPU
		{ECDE4085-3A7B-48E7-B898-6F90BF4D2BDE}.Release|Any CPU.ActiveCfg = Release|Any CPU
		{ECDE4085-3A7B-48E7-B898-6F90BF4D2BDE}.Release|Any CPU.Build.0 = Release|Any CPU
		{F962EA9A-00BF-403D-B896-9126A5799F6E}.Debug|Any CPU.ActiveCfg = Debug|Any CPU
		{F962EA9A-00BF-403D-B896-9126A5799F6E}.Debug|Any CPU.Build.0 = Debug|Any CPU
		{F962EA9A-00BF-403D-B896-9126A5799F6E}.Release|Any CPU.ActiveCfg = Release|Any CPU
		{F962EA9A-00BF-403D-B896-9126A5799F6E}.Release|Any CPU.Build.0 = Release|Any CPU
		{081E8D84-CB2C-40FC-90B8-6F86FDBD49E0}.Debug|Any CPU.ActiveCfg = Debug|Any CPU
		{081E8D84-CB2C-40FC-90B8-6F86FDBD49E0}.Debug|Any CPU.Build.0 = Debug|Any CPU
		{081E8D84-CB2C-40FC-90B8-6F86FDBD49E0}.Release|Any CPU.ActiveCfg = Release|Any CPU
		{081E8D84-CB2C-40FC-90B8-6F86FDBD49E0}.Release|Any CPU.Build.0 = Release|Any CPU
		{66854897-DFC3-413F-8690-8F3B6FC4C06B}.Debug|Any CPU.ActiveCfg = Debug|Any CPU
		{66854897-DFC3-413F-8690-8F3B6FC4C06B}.Debug|Any CPU.Build.0 = Debug|Any CPU
		{66854897-DFC3-413F-8690-8F3B6FC4C06B}.Release|Any CPU.ActiveCfg = Release|Any CPU
		{66854897-DFC3-413F-8690-8F3B6FC4C06B}.Release|Any CPU.Build.0 = Release|Any CPU
		{728D6538-3B1A-446A-8BB2-F8640CD68A4A}.Debug|Any CPU.ActiveCfg = Debug|Any CPU
		{728D6538-3B1A-446A-8BB2-F8640CD68A4A}.Debug|Any CPU.Build.0 = Debug|Any CPU
		{728D6538-3B1A-446A-8BB2-F8640CD68A4A}.Release|Any CPU.ActiveCfg = Release|Any CPU
		{728D6538-3B1A-446A-8BB2-F8640CD68A4A}.Release|Any CPU.Build.0 = Release|Any CPU
		{EB007911-BA91-48A1-84AE-733E9C23EE33}.Debug|Any CPU.ActiveCfg = Debug|Any CPU
		{EB007911-BA91-48A1-84AE-733E9C23EE33}.Debug|Any CPU.Build.0 = Debug|Any CPU
		{EB007911-BA91-48A1-84AE-733E9C23EE33}.Release|Any CPU.ActiveCfg = Release|Any CPU
		{EB007911-BA91-48A1-84AE-733E9C23EE33}.Release|Any CPU.Build.0 = Release|Any CPU
		{3B07A98B-B6ED-4A5A-9923-D92391A88ECA}.Debug|Any CPU.ActiveCfg = Debug|Any CPU
		{3B07A98B-B6ED-4A5A-9923-D92391A88ECA}.Debug|Any CPU.Build.0 = Debug|Any CPU
		{3B07A98B-B6ED-4A5A-9923-D92391A88ECA}.Release|Any CPU.ActiveCfg = Release|Any CPU
		{3B07A98B-B6ED-4A5A-9923-D92391A88ECA}.Release|Any CPU.Build.0 = Release|Any CPU
		{A775E86A-A511-4477-A5F0-53D8BBAE2C98}.Debug|Any CPU.ActiveCfg = Debug|Any CPU
		{A775E86A-A511-4477-A5F0-53D8BBAE2C98}.Debug|Any CPU.Build.0 = Debug|Any CPU
		{A775E86A-A511-4477-A5F0-53D8BBAE2C98}.Release|Any CPU.ActiveCfg = Release|Any CPU
		{A775E86A-A511-4477-A5F0-53D8BBAE2C98}.Release|Any CPU.Build.0 = Release|Any CPU
		{C5674180-66A6-42F7-8D96-B2F070DE1924}.Debug|Any CPU.ActiveCfg = Debug|Any CPU
		{C5674180-66A6-42F7-8D96-B2F070DE1924}.Debug|Any CPU.Build.0 = Debug|Any CPU
		{C5674180-66A6-42F7-8D96-B2F070DE1924}.Release|Any CPU.ActiveCfg = Release|Any CPU
		{C5674180-66A6-42F7-8D96-B2F070DE1924}.Release|Any CPU.Build.0 = Release|Any CPU
		{8E94C689-5230-4827-B7CE-0F357222E0E1}.Debug|Any CPU.ActiveCfg = Debug|Any CPU
		{8E94C689-5230-4827-B7CE-0F357222E0E1}.Debug|Any CPU.Build.0 = Debug|Any CPU
		{8E94C689-5230-4827-B7CE-0F357222E0E1}.Release|Any CPU.ActiveCfg = Release|Any CPU
		{8E94C689-5230-4827-B7CE-0F357222E0E1}.Release|Any CPU.Build.0 = Release|Any CPU
	EndGlobalSection
	GlobalSection(SolutionProperties) = preSolution
		HideSolutionNode = FALSE
	EndGlobalSection
	GlobalSection(ExtensibilityGlobals) = postSolution
		SolutionGuid = {9B40607C-CAF7-40B5-BA1E-39F1B7B33787}
	EndGlobalSection
EndGlobal
