
Microsoft Visual Studio Solution File, Format Version 12.00
# Visual Studio 15
VisualStudioVersion = 15.0.27703.2000
MinimumVisualStudioVersion = 10.0.40219.1
Project("{9A19103F-16F7-4668-BE54-9A1E7A4F7556}") = "Problem 1. Choose a Drink", "Problem 1. Choose a Drink\Problem 1. Choose a Drink.csproj", "{313BDE34-C67F-4B48-A4FF-90E40BEBC43A}"
EndProject
Project("{9A19103F-16F7-4668-BE54-9A1E7A4F7556}") = "Problem 3. Restaurant Discount", "Problem 3. Restaurant Discount\Problem 3. Restaurant Discount.csproj", "{55E51E95-77FC-41EF-95D9-3A35BB730283}"
EndProject
Project("{9A19103F-16F7-4668-BE54-9A1E7A4F7556}") = "Problem 4. Hotel", "Problem 4. Hotel\Problem 4. Hotel.csproj", "{6184BF70-DFBE-4845-AF24-607A7B4E2FCF}"
EndProject
Project("{9A19103F-16F7-4668-BE54-9A1E7A4F7556}") = "Problem 5. Word in Plural", "Problem 5. Word in Plural\Problem 5. Word in Plural.csproj", "{5E9F5673-DD01-4F95-B807-7ABB73547B68}"
EndProject
Project("{9A19103F-16F7-4668-BE54-9A1E7A4F7556}") = "Problem 6. Interval of Numbers", "Problem 6. Interval of Numbers\Problem 6. Interval of Numbers.csproj", "{0A7BA0E0-D907-4BB5-8495-DE52A3452F79}"
EndProject
Project("{9A19103F-16F7-4668-BE54-9A1E7A4F7556}") = "Problem 7. Cake Ingredients", "Problem 7. Cake Ingredients\Problem 7. Cake Ingredients.csproj", "{FCDE5459-73D8-4D86-8FFE-642EE9F42AB3}"
EndProject
Project("{9A19103F-16F7-4668-BE54-9A1E7A4F7556}") = "Problem 8. Calories Counter", "Problem 8. Calories Counter\Problem 8. Calories Counter.csproj", "{B893686C-02A5-4833-B347-7B20CD1880D3}"
EndProject
Project("{9A19103F-16F7-4668-BE54-9A1E7A4F7556}") = "Problem 9. Count the Integers", "Problem 9. Count the Integers\Problem 9. Count the Integers.csproj", "{18755C96-B8FB-4ED9-8921-C8A4591FB14F}"
EndProject
Project("{FAE04EC0-301F-11D3-BF4B-00C04F79EFBC}") = "Problem 10. Triangle of Numbers", "Problem 10. Triangle of Numbers\Problem 10. Triangle of Numbers.csproj", "{5BC9B8D5-F8BD-4393-A774-CF18FB37AAE2}"
EndProject
Project("{FAE04EC0-301F-11D3-BF4B-00C04F79EFBC}") = "Problem 11. 5 Different Numbers", "Problem 11. 5 Different Numbers\Problem 11. 5 Different Numbers.csproj", "{67067354-7669-497B-9B67-27BFD5883675}"
EndProject
Project("{FAE04EC0-301F-11D3-BF4B-00C04F79EFBC}") = "Problem 12. Test Numbers", "Problem 12. Test Numbers\Problem 12. Test Numbers.csproj", "{AC704A33-EA13-4712-AC87-3565B63D348E}"
EndProject
Project("{FAE04EC0-301F-11D3-BF4B-00C04F79EFBC}") = "Problem 13. Game of Numbers", "Problem 13. Game of Numbers\Problem 13. Game of Numbers.csproj", "{54B42092-AFD4-443F-9F9B-E32CD67989AE}"
EndProject
Project("{FAE04EC0-301F-11D3-BF4B-00C04F79EFBC}") = "Problem 14. Magic Letter", "Problem 14. Magic Letter\Problem 14. Magic Letter.csproj", "{A72A4732-038C-4DA2-A8CC-4B017C16A2F1}"
EndProject
Project("{FAE04EC0-301F-11D3-BF4B-00C04F79EFBC}") = "Problem 15.  Neighbour Wars", "Problem 15.  Neighbour Wars\Problem 15.  Neighbour Wars.csproj", "{F2FDB57D-A267-49EE-8744-17D7A0423BCD}"
EndProject
Global
	GlobalSection(SolutionConfigurationPlatforms) = preSolution
		Debug|Any CPU = Debug|Any CPU
		Release|Any CPU = Release|Any CPU
	EndGlobalSection
	GlobalSection(ProjectConfigurationPlatforms) = postSolution
		{313BDE34-C67F-4B48-A4FF-90E40BEBC43A}.Debug|Any CPU.ActiveCfg = Debug|Any CPU
		{313BDE34-C67F-4B48-A4FF-90E40BEBC43A}.Debug|Any CPU.Build.0 = Debug|Any CPU
		{313BDE34-C67F-4B48-A4FF-90E40BEBC43A}.Release|Any CPU.ActiveCfg = Release|Any CPU
		{313BDE34-C67F-4B48-A4FF-90E40BEBC43A}.Release|Any CPU.Build.0 = Release|Any CPU
		{55E51E95-77FC-41EF-95D9-3A35BB730283}.Debug|Any CPU.ActiveCfg = Debug|Any CPU
		{55E51E95-77FC-41EF-95D9-3A35BB730283}.Debug|Any CPU.Build.0 = Debug|Any CPU
		{55E51E95-77FC-41EF-95D9-3A35BB730283}.Release|Any CPU.ActiveCfg = Release|Any CPU
		{55E51E95-77FC-41EF-95D9-3A35BB730283}.Release|Any CPU.Build.0 = Release|Any CPU
		{6184BF70-DFBE-4845-AF24-607A7B4E2FCF}.Debug|Any CPU.ActiveCfg = Debug|Any CPU
		{6184BF70-DFBE-4845-AF24-607A7B4E2FCF}.Debug|Any CPU.Build.0 = Debug|Any CPU
		{6184BF70-DFBE-4845-AF24-607A7B4E2FCF}.Release|Any CPU.ActiveCfg = Release|Any CPU
		{6184BF70-DFBE-4845-AF24-607A7B4E2FCF}.Release|Any CPU.Build.0 = Release|Any CPU
		{5E9F5673-DD01-4F95-B807-7ABB73547B68}.Debug|Any CPU.ActiveCfg = Debug|Any CPU
		{5E9F5673-DD01-4F95-B807-7ABB73547B68}.Debug|Any CPU.Build.0 = Debug|Any CPU
		{5E9F5673-DD01-4F95-B807-7ABB73547B68}.Release|Any CPU.ActiveCfg = Release|Any CPU
		{5E9F5673-DD01-4F95-B807-7ABB73547B68}.Release|Any CPU.Build.0 = Release|Any CPU
		{0A7BA0E0-D907-4BB5-8495-DE52A3452F79}.Debug|Any CPU.ActiveCfg = Debug|Any CPU
		{0A7BA0E0-D907-4BB5-8495-DE52A3452F79}.Debug|Any CPU.Build.0 = Debug|Any CPU
		{0A7BA0E0-D907-4BB5-8495-DE52A3452F79}.Release|Any CPU.ActiveCfg = Release|Any CPU
		{0A7BA0E0-D907-4BB5-8495-DE52A3452F79}.Release|Any CPU.Build.0 = Release|Any CPU
		{FCDE5459-73D8-4D86-8FFE-642EE9F42AB3}.Debug|Any CPU.ActiveCfg = Debug|Any CPU
		{FCDE5459-73D8-4D86-8FFE-642EE9F42AB3}.Debug|Any CPU.Build.0 = Debug|Any CPU
		{FCDE5459-73D8-4D86-8FFE-642EE9F42AB3}.Release|Any CPU.ActiveCfg = Release|Any CPU
		{FCDE5459-73D8-4D86-8FFE-642EE9F42AB3}.Release|Any CPU.Build.0 = Release|Any CPU
		{B893686C-02A5-4833-B347-7B20CD1880D3}.Debug|Any CPU.ActiveCfg = Debug|Any CPU
		{B893686C-02A5-4833-B347-7B20CD1880D3}.Debug|Any CPU.Build.0 = Debug|Any CPU
		{B893686C-02A5-4833-B347-7B20CD1880D3}.Release|Any CPU.ActiveCfg = Release|Any CPU
		{B893686C-02A5-4833-B347-7B20CD1880D3}.Release|Any CPU.Build.0 = Release|Any CPU
		{18755C96-B8FB-4ED9-8921-C8A4591FB14F}.Debug|Any CPU.ActiveCfg = Debug|Any CPU
		{18755C96-B8FB-4ED9-8921-C8A4591FB14F}.Debug|Any CPU.Build.0 = Debug|Any CPU
		{18755C96-B8FB-4ED9-8921-C8A4591FB14F}.Release|Any CPU.ActiveCfg = Release|Any CPU
		{18755C96-B8FB-4ED9-8921-C8A4591FB14F}.Release|Any CPU.Build.0 = Release|Any CPU
		{5BC9B8D5-F8BD-4393-A774-CF18FB37AAE2}.Debug|Any CPU.ActiveCfg = Debug|Any CPU
		{5BC9B8D5-F8BD-4393-A774-CF18FB37AAE2}.Debug|Any CPU.Build.0 = Debug|Any CPU
		{5BC9B8D5-F8BD-4393-A774-CF18FB37AAE2}.Release|Any CPU.ActiveCfg = Release|Any CPU
		{5BC9B8D5-F8BD-4393-A774-CF18FB37AAE2}.Release|Any CPU.Build.0 = Release|Any CPU
		{67067354-7669-497B-9B67-27BFD5883675}.Debug|Any CPU.ActiveCfg = Debug|Any CPU
		{67067354-7669-497B-9B67-27BFD5883675}.Debug|Any CPU.Build.0 = Debug|Any CPU
		{67067354-7669-497B-9B67-27BFD5883675}.Release|Any CPU.ActiveCfg = Release|Any CPU
		{67067354-7669-497B-9B67-27BFD5883675}.Release|Any CPU.Build.0 = Release|Any CPU
		{AC704A33-EA13-4712-AC87-3565B63D348E}.Debug|Any CPU.ActiveCfg = Debug|Any CPU
		{AC704A33-EA13-4712-AC87-3565B63D348E}.Debug|Any CPU.Build.0 = Debug|Any CPU
		{AC704A33-EA13-4712-AC87-3565B63D348E}.Release|Any CPU.ActiveCfg = Release|Any CPU
		{AC704A33-EA13-4712-AC87-3565B63D348E}.Release|Any CPU.Build.0 = Release|Any CPU
		{54B42092-AFD4-443F-9F9B-E32CD67989AE}.Debug|Any CPU.ActiveCfg = Debug|Any CPU
		{54B42092-AFD4-443F-9F9B-E32CD67989AE}.Debug|Any CPU.Build.0 = Debug|Any CPU
		{54B42092-AFD4-443F-9F9B-E32CD67989AE}.Release|Any CPU.ActiveCfg = Release|Any CPU
		{54B42092-AFD4-443F-9F9B-E32CD67989AE}.Release|Any CPU.Build.0 = Release|Any CPU
		{A72A4732-038C-4DA2-A8CC-4B017C16A2F1}.Debug|Any CPU.ActiveCfg = Debug|Any CPU
		{A72A4732-038C-4DA2-A8CC-4B017C16A2F1}.Debug|Any CPU.Build.0 = Debug|Any CPU
		{A72A4732-038C-4DA2-A8CC-4B017C16A2F1}.Release|Any CPU.ActiveCfg = Release|Any CPU
		{A72A4732-038C-4DA2-A8CC-4B017C16A2F1}.Release|Any CPU.Build.0 = Release|Any CPU
		{F2FDB57D-A267-49EE-8744-17D7A0423BCD}.Debug|Any CPU.ActiveCfg = Debug|Any CPU
		{F2FDB57D-A267-49EE-8744-17D7A0423BCD}.Debug|Any CPU.Build.0 = Debug|Any CPU
		{F2FDB57D-A267-49EE-8744-17D7A0423BCD}.Release|Any CPU.ActiveCfg = Release|Any CPU
		{F2FDB57D-A267-49EE-8744-17D7A0423BCD}.Release|Any CPU.Build.0 = Release|Any CPU
	EndGlobalSection
	GlobalSection(SolutionProperties) = preSolution
		HideSolutionNode = FALSE
	EndGlobalSection
	GlobalSection(ExtensibilityGlobals) = postSolution
		SolutionGuid = {98D37088-8DC7-4134-97E6-6E8ACB9C5ADD}
	EndGlobalSection
EndGlobal
