
Microsoft Visual Studio Solution File, Format Version 12.00
# Visual Studio 15
VisualStudioVersion = 15.0.27703.2018
MinimumVisualStudioVersion = 10.0.40219.1
Project("{FAE04EC0-301F-11D3-BF4B-00C04F79EFBC}") = "Problem 01. Day of Week", "Problem 01. Day of Week\Problem 01. Day of Week.csproj", "{E88F078A-D798-4099-A6C2-58F04F64531B}"
EndProject
Project("{FAE04EC0-301F-11D3-BF4B-00C04F79EFBC}") = "Problem 02. Randomize Words", "Problem 02. Randomize Words\Problem 02. Randomize Words.csproj", "{418DA1E4-5035-4118-AFD9-C55DFBA2B83F}"
EndProject
Project("{FAE04EC0-301F-11D3-BF4B-00C04F79EFBC}") = "Problem 03. Big Factorial", "Problem 03. Big Factorial\Problem 03. Big Factorial.csproj", "{86892D49-5AE3-4B92-B818-2D6D405C46DD}"
EndProject
Project("{FAE04EC0-301F-11D3-BF4B-00C04F79EFBC}") = "Problem 04. Distance between Points", "Problem 04. Distance between Points\Problem 04. Distance between Points.csproj", "{9AFA4158-6E26-4AC5-B419-DCC665D33537}"
EndProject
Project("{FAE04EC0-301F-11D3-BF4B-00C04F79EFBC}") = "Problem 05. Closest Two Points", "Problem 05. Closest Two Points\Problem 05. Closest Two Points.csproj", "{27B5FC6D-1EF1-4EF3-8E48-3411A915576B}"
EndProject
Global
	GlobalSection(SolutionConfigurationPlatforms) = preSolution
		Debug|Any CPU = Debug|Any CPU
		Release|Any CPU = Release|Any CPU
	EndGlobalSection
	GlobalSection(ProjectConfigurationPlatforms) = postSolution
		{E88F078A-D798-4099-A6C2-58F04F64531B}.Debug|Any CPU.ActiveCfg = Debug|Any CPU
		{E88F078A-D798-4099-A6C2-58F04F64531B}.Debug|Any CPU.Build.0 = Debug|Any CPU
		{E88F078A-D798-4099-A6C2-58F04F64531B}.Release|Any CPU.ActiveCfg = Release|Any CPU
		{E88F078A-D798-4099-A6C2-58F04F64531B}.Release|Any CPU.Build.0 = Release|Any CPU
		{418DA1E4-5035-4118-AFD9-C55DFBA2B83F}.Debug|Any CPU.ActiveCfg = Debug|Any CPU
		{418DA1E4-5035-4118-AFD9-C55DFBA2B83F}.Debug|Any CPU.Build.0 = Debug|Any CPU
		{418DA1E4-5035-4118-AFD9-C55DFBA2B83F}.Release|Any CPU.ActiveCfg = Release|Any CPU
		{418DA1E4-5035-4118-AFD9-C55DFBA2B83F}.Release|Any CPU.Build.0 = Release|Any CPU
		{86892D49-5AE3-4B92-B818-2D6D405C46DD}.Debug|Any CPU.ActiveCfg = Debug|Any CPU
		{86892D49-5AE3-4B92-B818-2D6D405C46DD}.Debug|Any CPU.Build.0 = Debug|Any CPU
		{86892D49-5AE3-4B92-B818-2D6D405C46DD}.Release|Any CPU.ActiveCfg = Release|Any CPU
		{86892D49-5AE3-4B92-B818-2D6D405C46DD}.Release|Any CPU.Build.0 = Release|Any CPU
		{9AFA4158-6E26-4AC5-B419-DCC665D33537}.Debug|Any CPU.ActiveCfg = Debug|Any CPU
		{9AFA4158-6E26-4AC5-B419-DCC665D33537}.Debug|Any CPU.Build.0 = Debug|Any CPU
		{9AFA4158-6E26-4AC5-B419-DCC665D33537}.Release|Any CPU.ActiveCfg = Release|Any CPU
		{9AFA4158-6E26-4AC5-B419-DCC665D33537}.Release|Any CPU.Build.0 = Release|Any CPU
		{27B5FC6D-1EF1-4EF3-8E48-3411A915576B}.Debug|Any CPU.ActiveCfg = Debug|Any CPU
		{27B5FC6D-1EF1-4EF3-8E48-3411A915576B}.Debug|Any CPU.Build.0 = Debug|Any CPU
		{27B5FC6D-1EF1-4EF3-8E48-3411A915576B}.Release|Any CPU.ActiveCfg = Release|Any CPU
		{27B5FC6D-1EF1-4EF3-8E48-3411A915576B}.Release|Any CPU.Build.0 = Release|Any CPU
	EndGlobalSection
	GlobalSection(SolutionProperties) = preSolution
		HideSolutionNode = FALSE
	EndGlobalSection
	GlobalSection(ExtensibilityGlobals) = postSolution
		SolutionGuid = {752250A2-B79A-49D1-891C-2DB2D24C7D21}
	EndGlobalSection
EndGlobal
